
Microsoft Visual Studio Solution File, Format Version 12.00
# Visual Studio Version 16
VisualStudioVersion = 16.0.30114.105
MinimumVisualStudioVersion = 10.0.40219.1
Project("{FAE04EC0-301F-11D3-BF4B-00C04F79EFBC}") = "API", "API\API.csproj", "{3F7721A2-66A6-4839-8A4B-DFF41A28AF01}"
EndProject
Project("{FAE04EC0-301F-11D3-BF4B-00C04F79EFBC}") = "Application", "Application\Application.csproj", "{C58736B1-A747-45DC-8D45-BA07890D336A}"
EndProject
Project("{FAE04EC0-301F-11D3-BF4B-00C04F79EFBC}") = "Persistence", "Persistence\Persistence.csproj", "{015E1C4C-42F4-4ED8-AF1E-B960BEDB3219}"
EndProject
Project("{FAE04EC0-301F-11D3-BF4B-00C04F79EFBC}") = "Domain", "Domain\Domain.csproj", "{5AAC6340-3D25-4657-AB87-9D4487714578}"
EndProject
Project("{FAE04EC0-301F-11D3-BF4B-00C04F79EFBC}") = "Infrastructure", "Infrastructure\Infrastructure.csproj", "{5565F5FF-FB27-445C-8BDE-4CDD6BF57B39}"
EndProject
Global
	GlobalSection(SolutionConfigurationPlatforms) = preSolution
		Debug|Any CPU = Debug|Any CPU
		Debug|x64 = Debug|x64
		Debug|x86 = Debug|x86
		Release|Any CPU = Release|Any CPU
		Release|x64 = Release|x64
		Release|x86 = Release|x86
	EndGlobalSection
	GlobalSection(SolutionProperties) = preSolution
		HideSolutionNode = FALSE
	EndGlobalSection
	GlobalSection(ProjectConfigurationPlatforms) = postSolution
		{3F7721A2-66A6-4839-8A4B-DFF41A28AF01}.Debug|Any CPU.ActiveCfg = Debug|Any CPU
		{3F7721A2-66A6-4839-8A4B-DFF41A28AF01}.Debug|Any CPU.Build.0 = Debug|Any CPU
		{3F7721A2-66A6-4839-8A4B-DFF41A28AF01}.Debug|x64.ActiveCfg = Debug|Any CPU
		{3F7721A2-66A6-4839-8A4B-DFF41A28AF01}.Debug|x64.Build.0 = Debug|Any CPU
		{3F7721A2-66A6-4839-8A4B-DFF41A28AF01}.Debug|x86.ActiveCfg = Debug|Any CPU
		{3F7721A2-66A6-4839-8A4B-DFF41A28AF01}.Debug|x86.Build.0 = Debug|Any CPU
		{3F7721A2-66A6-4839-8A4B-DFF41A28AF01}.Release|Any CPU.ActiveCfg = Release|Any CPU
		{3F7721A2-66A6-4839-8A4B-DFF41A28AF01}.Release|Any CPU.Build.0 = Release|Any CPU
		{3F7721A2-66A6-4839-8A4B-DFF41A28AF01}.Release|x64.ActiveCfg = Release|Any CPU
		{3F7721A2-66A6-4839-8A4B-DFF41A28AF01}.Release|x64.Build.0 = Release|Any CPU
		{3F7721A2-66A6-4839-8A4B-DFF41A28AF01}.Release|x86.ActiveCfg = Release|Any CPU
		{3F7721A2-66A6-4839-8A4B-DFF41A28AF01}.Release|x86.Build.0 = Release|Any CPU
		{C58736B1-A747-45DC-8D45-BA07890D336A}.Debug|Any CPU.ActiveCfg = Debug|Any CPU
		{C58736B1-A747-45DC-8D45-BA07890D336A}.Debug|Any CPU.Build.0 = Debug|Any CPU
		{C58736B1-A747-45DC-8D45-BA07890D336A}.Debug|x64.ActiveCfg = Debug|Any CPU
		{C58736B1-A747-45DC-8D45-BA07890D336A}.Debug|x64.Build.0 = Debug|Any CPU
		{C58736B1-A747-45DC-8D45-BA07890D336A}.Debug|x86.ActiveCfg = Debug|Any CPU
		{C58736B1-A747-45DC-8D45-BA07890D336A}.Debug|x86.Build.0 = Debug|Any CPU
		{C58736B1-A747-45DC-8D45-BA07890D336A}.Release|Any CPU.ActiveCfg = Release|Any CPU
		{C58736B1-A747-45DC-8D45-BA07890D336A}.Release|Any CPU.Build.0 = Release|Any CPU
		{C58736B1-A747-45DC-8D45-BA07890D336A}.Release|x64.ActiveCfg = Release|Any CPU
		{C58736B1-A747-45DC-8D45-BA07890D336A}.Release|x64.Build.0 = Release|Any CPU
		{C58736B1-A747-45DC-8D45-BA07890D336A}.Release|x86.ActiveCfg = Release|Any CPU
		{C58736B1-A747-45DC-8D45-BA07890D336A}.Release|x86.Build.0 = Release|Any CPU
		{015E1C4C-42F4-4ED8-AF1E-B960BEDB3219}.Debug|Any CPU.ActiveCfg = Debug|Any CPU
		{015E1C4C-42F4-4ED8-AF1E-B960BEDB3219}.Debug|Any CPU.Build.0 = Debug|Any CPU
		{015E1C4C-42F4-4ED8-AF1E-B960BEDB3219}.Debug|x64.ActiveCfg = Debug|Any CPU
		{015E1C4C-42F4-4ED8-AF1E-B960BEDB3219}.Debug|x64.Build.0 = Debug|Any CPU
		{015E1C4C-42F4-4ED8-AF1E-B960BEDB3219}.Debug|x86.ActiveCfg = Debug|Any CPU
		{015E1C4C-42F4-4ED8-AF1E-B960BEDB3219}.Debug|x86.Build.0 = Debug|Any CPU
		{015E1C4C-42F4-4ED8-AF1E-B960BEDB3219}.Release|Any CPU.ActiveCfg = Release|Any CPU
		{015E1C4C-42F4-4ED8-AF1E-B960BEDB3219}.Release|Any CPU.Build.0 = Release|Any CPU
		{015E1C4C-42F4-4ED8-AF1E-B960BEDB3219}.Release|x64.ActiveCfg = Release|Any CPU
		{015E1C4C-42F4-4ED8-AF1E-B960BEDB3219}.Release|x64.Build.0 = Release|Any CPU
		{015E1C4C-42F4-4ED8-AF1E-B960BEDB3219}.Release|x86.ActiveCfg = Release|Any CPU
		{015E1C4C-42F4-4ED8-AF1E-B960BEDB3219}.Release|x86.Build.0 = Release|Any CPU
		{5AAC6340-3D25-4657-AB87-9D4487714578}.Debug|Any CPU.ActiveCfg = Debug|Any CPU
		{5AAC6340-3D25-4657-AB87-9D4487714578}.Debug|Any CPU.Build.0 = Debug|Any CPU
		{5AAC6340-3D25-4657-AB87-9D4487714578}.Debug|x64.ActiveCfg = Debug|Any CPU
		{5AAC6340-3D25-4657-AB87-9D4487714578}.Debug|x64.Build.0 = Debug|Any CPU
		{5AAC6340-3D25-4657-AB87-9D4487714578}.Debug|x86.ActiveCfg = Debug|Any CPU
		{5AAC6340-3D25-4657-AB87-9D4487714578}.Debug|x86.Build.0 = Debug|Any CPU
		{5AAC6340-3D25-4657-AB87-9D4487714578}.Release|Any CPU.ActiveCfg = Release|Any CPU
		{5AAC6340-3D25-4657-AB87-9D4487714578}.Release|Any CPU.Build.0 = Release|Any CPU
		{5AAC6340-3D25-4657-AB87-9D4487714578}.Release|x64.ActiveCfg = Release|Any CPU
		{5AAC6340-3D25-4657-AB87-9D4487714578}.Release|x64.Build.0 = Release|Any CPU
		{5AAC6340-3D25-4657-AB87-9D4487714578}.Release|x86.ActiveCfg = Release|Any CPU
		{5AAC6340-3D25-4657-AB87-9D4487714578}.Release|x86.Build.0 = Release|Any CPU
		{5565F5FF-FB27-445C-8BDE-4CDD6BF57B39}.Debug|Any CPU.ActiveCfg = Debug|Any CPU
		{5565F5FF-FB27-445C-8BDE-4CDD6BF57B39}.Debug|Any CPU.Build.0 = Debug|Any CPU
		{5565F5FF-FB27-445C-8BDE-4CDD6BF57B39}.Debug|x64.ActiveCfg = Debug|Any CPU
		{5565F5FF-FB27-445C-8BDE-4CDD6BF57B39}.Debug|x64.Build.0 = Debug|Any CPU
		{5565F5FF-FB27-445C-8BDE-4CDD6BF57B39}.Debug|x86.ActiveCfg = Debug|Any CPU
		{5565F5FF-FB27-445C-8BDE-4CDD6BF57B39}.Debug|x86.Build.0 = Debug|Any CPU
		{5565F5FF-FB27-445C-8BDE-4CDD6BF57B39}.Release|Any CPU.ActiveCfg = Release|Any CPU
		{5565F5FF-FB27-445C-8BDE-4CDD6BF57B39}.Release|Any CPU.Build.0 = Release|Any CPU
		{5565F5FF-FB27-445C-8BDE-4CDD6BF57B39}.Release|x64.ActiveCfg = Release|Any CPU
		{5565F5FF-FB27-445C-8BDE-4CDD6BF57B39}.Release|x64.Build.0 = Release|Any CPU
		{5565F5FF-FB27-445C-8BDE-4CDD6BF57B39}.Release|x86.ActiveCfg = Release|Any CPU
		{5565F5FF-FB27-445C-8BDE-4CDD6BF57B39}.Release|x86.Build.0 = Release|Any CPU
	EndGlobalSection
EndGlobal
